
Microsoft Visual Studio Solution File, Format Version 12.00
# Visual Studio Version 16
VisualStudioVersion = 16.0.31911.196
MinimumVisualStudioVersion = 10.0.40219.1
Project("{FAE04EC0-301F-11D3-BF4B-00C04F79EFBC}") = "HomeWork-1", "HomeWork-1\HomeWork-1.csproj", "{22AFFF34-DE6B-4845-AC7F-94F228F69EEF}"
EndProject
Project("{2150E333-8FDC-42A3-9474-1A3956D46DE8}") = "String", "String", "{FEE6EB79-2A10-4DC9-A7A0-D6A362C12880}"
EndProject
Project("{FAE04EC0-301F-11D3-BF4B-00C04F79EFBC}") = "String", "String\String.csproj", "{86014C91-A422-494B-BBC7-2F8F57A8BA4B}"
EndProject
Project("{2150E333-8FDC-42A3-9474-1A3956D46DE8}") = "IF ELSE", "IF ELSE", "{97DDA5B2-9255-44B3-ACD3-C402335173BB}"
EndProject
Project("{FAE04EC0-301F-11D3-BF4B-00C04F79EFBC}") = "IF_ELSE", "IF_ELSE\IF_ELSE.csproj", "{72371E32-97DA-4336-9445-B7B9323C338B}"
EndProject
Project("{2150E333-8FDC-42A3-9474-1A3956D46DE8}") = "Methods", "Methods", "{B0C5513E-4448-4157-8BAD-89A035D4AAC5}"
EndProject
Project("{FAE04EC0-301F-11D3-BF4B-00C04F79EFBC}") = "Methods", "Methods\Methods.csproj", "{4A6E96EA-499F-4A1C-8A44-5762669B4D0F}"
EndProject
Project("{2150E333-8FDC-42A3-9474-1A3956D46DE8}") = "Array", "Array", "{8D6BC740-B75F-4642-AE75-EA5302620ED4}"
EndProject
Project("{FAE04EC0-301F-11D3-BF4B-00C04F79EFBC}") = "Array", "Array\Array.csproj", "{45B46E33-5A7D-4298-9626-92B937089042}"
EndProject
Project("{FAE04EC0-301F-11D3-BF4B-00C04F79EFBC}") = "MiltidimensionArrays", "MiltidimensionArrays\MiltidimensionArrays.csproj", "{E2D60147-E3DD-422C-BAB5-6B81B58700B8}"
EndProject
Project("{2150E333-8FDC-42A3-9474-1A3956D46DE8}") = "MultiDimansionsArrays", "MultiDimansionsArrays", "{F0FF6570-FE23-4825-891F-7A5E8C6E0A21}"
EndProject
Project("{2150E333-8FDC-42A3-9474-1A3956D46DE8}") = "Enum", "Enum", "{E03CDDA0-D368-4514-AF87-E453C3387EDC}"
EndProject
Project("{FAE04EC0-301F-11D3-BF4B-00C04F79EFBC}") = "Enumss", "Enum\Enumss.csproj", "{55AB8BD2-F9C6-4695-945B-C8AB56114F80}"
EndProject
Project("{2150E333-8FDC-42A3-9474-1A3956D46DE8}") = "Clas and struc", "Clas and struc", "{C8EE0FC1-4E05-4BED-92CB-5B8281DAB3F9}"
EndProject
Project("{FAE04EC0-301F-11D3-BF4B-00C04F79EFBC}") = "Car and price", "Car and price\Car and price.csproj", "{75DEC262-5B0A-4A6E-9141-EAA8C898EF04}"
EndProject
Project("{FAE04EC0-301F-11D3-BF4B-00C04F79EFBC}") = "Problems", "Problems\Problems.csproj", "{2FB62428-19D5-436D-B7AC-3C31940C6CA7}"
EndProject
Project("{2150E333-8FDC-42A3-9474-1A3956D46DE8}") = "Problem", "Problem", "{3C78BFE0-BA91-4097-A946-52DAD85392F2}"
EndProject
Project("{2150E333-8FDC-42A3-9474-1A3956D46DE8}") = "Ref_Out_In", "Ref_Out_In", "{C7289845-85F3-42D8-B41A-7584E742ADD0}"
EndProject
Project("{FAE04EC0-301F-11D3-BF4B-00C04F79EFBC}") = "Work_with_Reference", "Work_with_Reference\Work_with_Reference.csproj", "{444B4F2A-1272-402A-9DA5-FA2A67A6A763}"
EndProject
Project("{2150E333-8FDC-42A3-9474-1A3956D46DE8}") = "Problems_with_Class", "Problems_with_Class", "{989D3488-38A8-4A56-B8A2-977B08FA8D17}"
EndProject
Project("{FAE04EC0-301F-11D3-BF4B-00C04F79EFBC}") = "PubgPlayer", "PubgPlayer\PubgPlayer.csproj", "{F0A712FA-A636-46C2-8A39-6F63C6AA6A1A}"
EndProject
Global
	GlobalSection(SolutionConfigurationPlatforms) = preSolution
		Debug|Any CPU = Debug|Any CPU
		Release|Any CPU = Release|Any CPU
	EndGlobalSection
	GlobalSection(ProjectConfigurationPlatforms) = postSolution
		{22AFFF34-DE6B-4845-AC7F-94F228F69EEF}.Debug|Any CPU.ActiveCfg = Debug|Any CPU
		{22AFFF34-DE6B-4845-AC7F-94F228F69EEF}.Debug|Any CPU.Build.0 = Debug|Any CPU
		{22AFFF34-DE6B-4845-AC7F-94F228F69EEF}.Release|Any CPU.ActiveCfg = Release|Any CPU
		{22AFFF34-DE6B-4845-AC7F-94F228F69EEF}.Release|Any CPU.Build.0 = Release|Any CPU
		{86014C91-A422-494B-BBC7-2F8F57A8BA4B}.Debug|Any CPU.ActiveCfg = Debug|Any CPU
		{86014C91-A422-494B-BBC7-2F8F57A8BA4B}.Debug|Any CPU.Build.0 = Debug|Any CPU
		{86014C91-A422-494B-BBC7-2F8F57A8BA4B}.Release|Any CPU.ActiveCfg = Release|Any CPU
		{86014C91-A422-494B-BBC7-2F8F57A8BA4B}.Release|Any CPU.Build.0 = Release|Any CPU
		{72371E32-97DA-4336-9445-B7B9323C338B}.Debug|Any CPU.ActiveCfg = Debug|Any CPU
		{72371E32-97DA-4336-9445-B7B9323C338B}.Debug|Any CPU.Build.0 = Debug|Any CPU
		{72371E32-97DA-4336-9445-B7B9323C338B}.Release|Any CPU.ActiveCfg = Release|Any CPU
		{72371E32-97DA-4336-9445-B7B9323C338B}.Release|Any CPU.Build.0 = Release|Any CPU
		{4A6E96EA-499F-4A1C-8A44-5762669B4D0F}.Debug|Any CPU.ActiveCfg = Debug|Any CPU
		{4A6E96EA-499F-4A1C-8A44-5762669B4D0F}.Debug|Any CPU.Build.0 = Debug|Any CPU
		{4A6E96EA-499F-4A1C-8A44-5762669B4D0F}.Release|Any CPU.ActiveCfg = Release|Any CPU
		{4A6E96EA-499F-4A1C-8A44-5762669B4D0F}.Release|Any CPU.Build.0 = Release|Any CPU
		{45B46E33-5A7D-4298-9626-92B937089042}.Debug|Any CPU.ActiveCfg = Debug|Any CPU
		{45B46E33-5A7D-4298-9626-92B937089042}.Debug|Any CPU.Build.0 = Debug|Any CPU
		{45B46E33-5A7D-4298-9626-92B937089042}.Release|Any CPU.ActiveCfg = Release|Any CPU
		{45B46E33-5A7D-4298-9626-92B937089042}.Release|Any CPU.Build.0 = Release|Any CPU
		{E2D60147-E3DD-422C-BAB5-6B81B58700B8}.Debug|Any CPU.ActiveCfg = Debug|Any CPU
		{E2D60147-E3DD-422C-BAB5-6B81B58700B8}.Debug|Any CPU.Build.0 = Debug|Any CPU
		{E2D60147-E3DD-422C-BAB5-6B81B58700B8}.Release|Any CPU.ActiveCfg = Release|Any CPU
		{E2D60147-E3DD-422C-BAB5-6B81B58700B8}.Release|Any CPU.Build.0 = Release|Any CPU
		{55AB8BD2-F9C6-4695-945B-C8AB56114F80}.Debug|Any CPU.ActiveCfg = Debug|Any CPU
		{55AB8BD2-F9C6-4695-945B-C8AB56114F80}.Debug|Any CPU.Build.0 = Debug|Any CPU
		{55AB8BD2-F9C6-4695-945B-C8AB56114F80}.Release|Any CPU.ActiveCfg = Release|Any CPU
		{55AB8BD2-F9C6-4695-945B-C8AB56114F80}.Release|Any CPU.Build.0 = Release|Any CPU
		{75DEC262-5B0A-4A6E-9141-EAA8C898EF04}.Debug|Any CPU.ActiveCfg = Debug|Any CPU
		{75DEC262-5B0A-4A6E-9141-EAA8C898EF04}.Debug|Any CPU.Build.0 = Debug|Any CPU
		{75DEC262-5B0A-4A6E-9141-EAA8C898EF04}.Release|Any CPU.ActiveCfg = Release|Any CPU
		{75DEC262-5B0A-4A6E-9141-EAA8C898EF04}.Release|Any CPU.Build.0 = Release|Any CPU
		{2FB62428-19D5-436D-B7AC-3C31940C6CA7}.Debug|Any CPU.ActiveCfg = Debug|Any CPU
		{2FB62428-19D5-436D-B7AC-3C31940C6CA7}.Debug|Any CPU.Build.0 = Debug|Any CPU
		{2FB62428-19D5-436D-B7AC-3C31940C6CA7}.Release|Any CPU.ActiveCfg = Release|Any CPU
		{2FB62428-19D5-436D-B7AC-3C31940C6CA7}.Release|Any CPU.Build.0 = Release|Any CPU
		{444B4F2A-1272-402A-9DA5-FA2A67A6A763}.Debug|Any CPU.ActiveCfg = Debug|Any CPU
		{444B4F2A-1272-402A-9DA5-FA2A67A6A763}.Debug|Any CPU.Build.0 = Debug|Any CPU
		{444B4F2A-1272-402A-9DA5-FA2A67A6A763}.Release|Any CPU.ActiveCfg = Release|Any CPU
		{444B4F2A-1272-402A-9DA5-FA2A67A6A763}.Release|Any CPU.Build.0 = Release|Any CPU
		{F0A712FA-A636-46C2-8A39-6F63C6AA6A1A}.Debug|Any CPU.ActiveCfg = Debug|Any CPU
		{F0A712FA-A636-46C2-8A39-6F63C6AA6A1A}.Debug|Any CPU.Build.0 = Debug|Any CPU
		{F0A712FA-A636-46C2-8A39-6F63C6AA6A1A}.Release|Any CPU.ActiveCfg = Release|Any CPU
		{F0A712FA-A636-46C2-8A39-6F63C6AA6A1A}.Release|Any CPU.Build.0 = Release|Any CPU
	EndGlobalSection
	GlobalSection(SolutionProperties) = preSolution
		HideSolutionNode = FALSE
	EndGlobalSection
	GlobalSection(NestedProjects) = preSolution
		{22AFFF34-DE6B-4845-AC7F-94F228F69EEF} = {3C78BFE0-BA91-4097-A946-52DAD85392F2}
		{86014C91-A422-494B-BBC7-2F8F57A8BA4B} = {FEE6EB79-2A10-4DC9-A7A0-D6A362C12880}
		{72371E32-97DA-4336-9445-B7B9323C338B} = {97DDA5B2-9255-44B3-ACD3-C402335173BB}
		{4A6E96EA-499F-4A1C-8A44-5762669B4D0F} = {B0C5513E-4448-4157-8BAD-89A035D4AAC5}
		{45B46E33-5A7D-4298-9626-92B937089042} = {8D6BC740-B75F-4642-AE75-EA5302620ED4}
		{E2D60147-E3DD-422C-BAB5-6B81B58700B8} = {F0FF6570-FE23-4825-891F-7A5E8C6E0A21}
		{F0FF6570-FE23-4825-891F-7A5E8C6E0A21} = {8D6BC740-B75F-4642-AE75-EA5302620ED4}
		{55AB8BD2-F9C6-4695-945B-C8AB56114F80} = {E03CDDA0-D368-4514-AF87-E453C3387EDC}
		{75DEC262-5B0A-4A6E-9141-EAA8C898EF04} = {C8EE0FC1-4E05-4BED-92CB-5B8281DAB3F9}
		{2FB62428-19D5-436D-B7AC-3C31940C6CA7} = {3C78BFE0-BA91-4097-A946-52DAD85392F2}
		{444B4F2A-1272-402A-9DA5-FA2A67A6A763} = {C7289845-85F3-42D8-B41A-7584E742ADD0}
		{F0A712FA-A636-46C2-8A39-6F63C6AA6A1A} = {989D3488-38A8-4A56-B8A2-977B08FA8D17}
	EndGlobalSection
	GlobalSection(ExtensibilityGlobals) = postSolution
		SolutionGuid = {383BCDB4-8B81-430D-89E3-E4BD8FEF1A71}
	EndGlobalSection
EndGlobal
